// !$*UTF8*$!
{
	archiveVersion = 1;
	classes = {
	};
	objectVersion = 48;
	objects = {

/* Begin PBXBuildFile section */
		A74BB0981F2E58DF00615642 /* AppDelegate.swift in Sources */ = {isa = PBXBuildFile; fileRef = A74BB0971F2E58DF00615642 /* AppDelegate.swift */; };
		A74BB09D1F2E58DF00615642 /* Main.storyboard in Resources */ = {isa = PBXBuildFile; fileRef = A74BB09B1F2E58DF00615642 /* Main.storyboard */; };
		A74BB09F1F2E58DF00615642 /* Assets.xcassets in Resources */ = {isa = PBXBuildFile; fileRef = A74BB09E1F2E58DF00615642 /* Assets.xcassets */; };
		A74BB0A21F2E58DF00615642 /* LaunchScreen.storyboard in Resources */ = {isa = PBXBuildFile; fileRef = A74BB0A01F2E58DF00615642 /* LaunchScreen.storyboard */; };
		A74BB0AA1F2E739D00615642 /* PhotosViewController.swift in Sources */ = {isa = PBXBuildFile; fileRef = A74BB0A91F2E739D00615642 /* PhotosViewController.swift */; };
		A74BB0AC1F2E75E800615642 /* FlickrAPI.swift in Sources */ = {isa = PBXBuildFile; fileRef = A74BB0AB1F2E75E800615642 /* FlickrAPI.swift */; };
		A74BB0AE1F2E7AB700615642 /* PhotoStore.swift in Sources */ = {isa = PBXBuildFile; fileRef = A74BB0AD1F2E7AB700615642 /* PhotoStore.swift */; };
		A74BB0B01F2E7DEB00615642 /* Photo.swift in Sources */ = {isa = PBXBuildFile; fileRef = A74BB0AF1F2E7DEB00615642 /* Photo.swift */; };
		A7C46C9F1F2F3C8600AA04ED /* PhotoDataSource.swift in Sources */ = {isa = PBXBuildFile; fileRef = A7C46C9E1F2F3C8600AA04ED /* PhotoDataSource.swift */; };
		A7EB2CEA1F2F4381006FA010 /* PhotoCollectionViewCell.swift in Sources */ = {isa = PBXBuildFile; fileRef = A7EB2CE91F2F4381006FA010 /* PhotoCollectionViewCell.swift */; };
		A7EB2CEC1F2F4DF7006FA010 /* PhotoInfoViewController.swift in Sources */ = {isa = PBXBuildFile; fileRef = A7EB2CEB1F2F4DF7006FA010 /* PhotoInfoViewController.swift */; };
/* End PBXBuildFile section */

/* Begin PBXFileReference section */
		A74BB0941F2E58DF00615642 /* Photorama-Quiz.app */ = {isa = PBXFileReference; explicitFileType = wrapper.application; includeInIndex = 0; path = "Photorama-Quiz.app"; sourceTree = BUILT_PRODUCTS_DIR; };
		A74BB0971F2E58DF00615642 /* AppDelegate.swift */ = {isa = PBXFileReference; lastKnownFileType = sourcecode.swift; path = AppDelegate.swift; sourceTree = "<group>"; };
		A74BB09C1F2E58DF00615642 /* Base */ = {isa = PBXFileReference; lastKnownFileType = file.storyboard; name = Base; path = Base.lproj/Main.storyboard; sourceTree = "<group>"; };
		A74BB09E1F2E58DF00615642 /* Assets.xcassets */ = {isa = PBXFileReference; lastKnownFileType = folder.assetcatalog; path = Assets.xcassets; sourceTree = "<group>"; };
		A74BB0A11F2E58DF00615642 /* Base */ = {isa = PBXFileReference; lastKnownFileType = file.storyboard; name = Base; path = Base.lproj/LaunchScreen.storyboard; sourceTree = "<group>"; };
		A74BB0A31F2E58DF00615642 /* Info.plist */ = {isa = PBXFileReference; lastKnownFileType = text.plist.xml; path = Info.plist; sourceTree = "<group>"; };
		A74BB0A91F2E739D00615642 /* PhotosViewController.swift */ = {isa = PBXFileReference; lastKnownFileType = sourcecode.swift; path = PhotosViewController.swift; sourceTree = "<group>"; };
		A74BB0AB1F2E75E800615642 /* FlickrAPI.swift */ = {isa = PBXFileReference; lastKnownFileType = sourcecode.swift; path = FlickrAPI.swift; sourceTree = "<group>"; };
		A74BB0AD1F2E7AB700615642 /* PhotoStore.swift */ = {isa = PBXFileReference; lastKnownFileType = sourcecode.swift; path = PhotoStore.swift; sourceTree = "<group>"; };
		A74BB0AF1F2E7DEB00615642 /* Photo.swift */ = {isa = PBXFileReference; lastKnownFileType = sourcecode.swift; path = Photo.swift; sourceTree = "<group>"; };
		A7C46C9E1F2F3C8600AA04ED /* PhotoDataSource.swift */ = {isa = PBXFileReference; lastKnownFileType = sourcecode.swift; path = PhotoDataSource.swift; sourceTree = "<group>"; };
		A7EB2CE91F2F4381006FA010 /* PhotoCollectionViewCell.swift */ = {isa = PBXFileReference; lastKnownFileType = sourcecode.swift; path = PhotoCollectionViewCell.swift; sourceTree = "<group>"; };
		A7EB2CEB1F2F4DF7006FA010 /* PhotoInfoViewController.swift */ = {isa = PBXFileReference; lastKnownFileType = sourcecode.swift; path = PhotoInfoViewController.swift; sourceTree = "<group>"; };
/* End PBXFileReference section */

/* Begin PBXFrameworksBuildPhase section */
		A74BB0911F2E58DF00615642 /* Frameworks */ = {
			isa = PBXFrameworksBuildPhase;
			buildActionMask = 2147483647;
			files = (
			);
			runOnlyForDeploymentPostprocessing = 0;
		};
/* End PBXFrameworksBuildPhase section */

/* Begin PBXGroup section */
		A74BB08B1F2E58DF00615642 = {
			isa = PBXGroup;
			children = (
				A74BB0961F2E58DF00615642 /* Photorama */,
				A74BB0951F2E58DF00615642 /* Products */,
			);
			sourceTree = "<group>";
		};
		A74BB0951F2E58DF00615642 /* Products */ = {
			isa = PBXGroup;
			children = (
				A74BB0941F2E58DF00615642 /* Photorama-Quiz.app */,
			);
			name = Products;
			sourceTree = "<group>";
		};
		A74BB0961F2E58DF00615642 /* Photorama */ = {
			isa = PBXGroup;
			children = (
				A74BB0971F2E58DF00615642 /* AppDelegate.swift */,
				A74BB0AB1F2E75E800615642 /* FlickrAPI.swift */,
				A74BB0AF1F2E7DEB00615642 /* Photo.swift */,
				A74BB0AD1F2E7AB700615642 /* PhotoStore.swift */,
				A7C46C9E1F2F3C8600AA04ED /* PhotoDataSource.swift */,
				A74BB0A91F2E739D00615642 /* PhotosViewController.swift */,
				A7EB2CE91F2F4381006FA010 /* PhotoCollectionViewCell.swift */,
				A7EB2CEB1F2F4DF7006FA010 /* PhotoInfoViewController.swift */,
				A74BB09B1F2E58DF00615642 /* Main.storyboard */,
				A74BB09E1F2E58DF00615642 /* Assets.xcassets */,
				A74BB0A01F2E58DF00615642 /* LaunchScreen.storyboard */,
				A74BB0A31F2E58DF00615642 /* Info.plist */,
			);
			path = Photorama;
			sourceTree = "<group>";
		};
/* End PBXGroup section */

/* Begin PBXNativeTarget section */
		A74BB0931F2E58DF00615642 /* Photorama-Quiz */ = {
			isa = PBXNativeTarget;
			buildConfigurationList = A74BB0A61F2E58DF00615642 /* Build configuration list for PBXNativeTarget "Photorama-Quiz" */;
			buildPhases = (
				A74BB0901F2E58DF00615642 /* Sources */,
				A74BB0911F2E58DF00615642 /* Frameworks */,
				A74BB0921F2E58DF00615642 /* Resources */,
			);
			buildRules = (
			);
			dependencies = (
			);
			name = "Photorama-Quiz";
			productName = Photorama;
			productReference = A74BB0941F2E58DF00615642 /* Photorama-Quiz.app */;
			productType = "com.apple.product-type.application";
		};
/* End PBXNativeTarget section */

/* Begin PBXProject section */
		A74BB08C1F2E58DF00615642 /* Project object */ = {
			isa = PBXProject;
			attributes = {
				LastSwiftUpdateCheck = 0900;
				LastUpgradeCheck = 0900;
				ORGANIZATIONNAME = Febrix;
				TargetAttributes = {
					A74BB0931F2E58DF00615642 = {
						CreatedOnToolsVersion = 9.0;
					};
				};
			};
			buildConfigurationList = A74BB08F1F2E58DF00615642 /* Build configuration list for PBXProject "Photorama-Quiz" */;
			compatibilityVersion = "Xcode 8.0";
			developmentRegion = en;
			hasScannedForEncodings = 0;
			knownRegions = (
				en,
				Base,
			);
			mainGroup = A74BB08B1F2E58DF00615642;
			productRefGroup = A74BB0951F2E58DF00615642 /* Products */;
			projectDirPath = "";
			projectRoot = "";
			targets = (
				A74BB0931F2E58DF00615642 /* Photorama-Quiz */,
			);
		};
/* End PBXProject section */

/* Begin PBXResourcesBuildPhase section */
		A74BB0921F2E58DF00615642 /* Resources */ = {
			isa = PBXResourcesBuildPhase;
			buildActionMask = 2147483647;
			files = (
				A74BB0A21F2E58DF00615642 /* LaunchScreen.storyboard in Resources */,
				A74BB09F1F2E58DF00615642 /* Assets.xcassets in Resources */,
				A74BB09D1F2E58DF00615642 /* Main.storyboard in Resources */,
			);
			runOnlyForDeploymentPostprocessing = 0;
		};
/* End PBXResourcesBuildPhase section */

/* Begin PBXSourcesBuildPhase section */
		A74BB0901F2E58DF00615642 /* Sources */ = {
			isa = PBXSourcesBuildPhase;
			buildActionMask = 2147483647;
			files = (
				A74BB0B01F2E7DEB00615642 /* Photo.swift in Sources */,
				A7EB2CEA1F2F4381006FA010 /* PhotoCollectionViewCell.swift in Sources */,
				A7C46C9F1F2F3C8600AA04ED /* PhotoDataSource.swift in Sources */,
				A74BB0AE1F2E7AB700615642 /* PhotoStore.swift in Sources */,
				A74BB0AA1F2E739D00615642 /* PhotosViewController.swift in Sources */,
				A74BB0981F2E58DF00615642 /* AppDelegate.swift in Sources */,
				A74BB0AC1F2E75E800615642 /* FlickrAPI.swift in Sources */,
				A7EB2CEC1F2F4DF7006FA010 /* PhotoInfoViewController.swift in Sources */,
			);
			runOnlyForDeploymentPostprocessing = 0;
		};
/* End PBXSourcesBuildPhase section */

/* Begin PBXVariantGroup section */
		A74BB09B1F2E58DF00615642 /* Main.storyboard */ = {
			isa = PBXVariantGroup;
			children = (
				A74BB09C1F2E58DF00615642 /* Base */,
			);
			name = Main.storyboard;
			sourceTree = "<group>";
		};
		A74BB0A01F2E58DF00615642 /* LaunchScreen.storyboard */ = {
			isa = PBXVariantGroup;
			children = (
				A74BB0A11F2E58DF00615642 /* Base */,
			);
			name = LaunchScreen.storyboard;
			sourceTree = "<group>";
		};
/* End PBXVariantGroup section */

/* Begin XCBuildConfiguration section */
		A74BB0A41F2E58DF00615642 /* Debug */ = {
			isa = XCBuildConfiguration;
			buildSettings = {
				ALWAYS_SEARCH_USER_PATHS = NO;
				CLANG_ANALYZER_NONNULL = YES;
				CLANG_ANALYZER_NUMBER_OBJECT_CONVERSION = YES_AGGRESSIVE;
				CLANG_CXX_LANGUAGE_STANDARD = "gnu++14";
				CLANG_CXX_LIBRARY = "libc++";
				CLANG_ENABLE_MODULES = YES;
				CLANG_ENABLE_OBJC_ARC = YES;
				CLANG_WARN_BLOCK_CAPTURE_AUTORELEASING = YES;
				CLANG_WARN_BOOL_CONVERSION = YES;
				CLANG_WARN_COMMA = YES;
				CLANG_WARN_CONSTANT_CONVERSION = YES;
				CLANG_WARN_DIRECT_OBJC_ISA_USAGE = YES_ERROR;
				CLANG_WARN_DOCUMENTATION_COMMENTS = YES;
				CLANG_WARN_EMPTY_BODY = YES;
				CLANG_WARN_ENUM_CONVERSION = YES;
				CLANG_WARN_INFINITE_RECURSION = YES;
				CLANG_WARN_INT_CONVERSION = YES;
				CLANG_WARN_NON_LITERAL_NULL_CONVERSION = YES;
				CLANG_WARN_OBJC_LITERAL_CONVERSION = YES;
				CLANG_WARN_OBJC_ROOT_CLASS = YES_ERROR;
				CLANG_WARN_RANGE_LOOP_ANALYSIS = YES;
				CLANG_WARN_STRICT_PROTOTYPES = YES;
				CLANG_WARN_SUSPICIOUS_MOVE = YES;
				CLANG_WARN_UNGUARDED_AVAILABILITY = YES_AGGRESSIVE;
				CLANG_WARN_UNREACHABLE_CODE = YES;
				CLANG_WARN__DUPLICATE_METHOD_MATCH = YES;
				CODE_SIGN_IDENTITY = "iPhone Developer";
				COPY_PHASE_STRIP = NO;
				DEBUG_INFORMATION_FORMAT = dwarf;
				ENABLE_STRICT_OBJC_MSGSEND = YES;
				ENABLE_TESTABILITY = YES;
				GCC_C_LANGUAGE_STANDARD = gnu11;
				GCC_DYNAMIC_NO_PIC = NO;
				GCC_NO_COMMON_BLOCKS = YES;
				GCC_OPTIMIZATION_LEVEL = 0;
				GCC_PREPROCESSOR_DEFINITIONS = (
					"DEBUG=1",
					"$(inherited)",
				);
				GCC_WARN_64_TO_32_BIT_CONVERSION = YES;
				GCC_WARN_ABOUT_RETURN_TYPE = YES_ERROR;
				GCC_WARN_UNDECLARED_SELECTOR = YES;
				GCC_WARN_UNINITIALIZED_AUTOS = YES_AGGRESSIVE;
				GCC_WARN_UNUSED_FUNCTION = YES;
				GCC_WARN_UNUSED_VARIABLE = YES;
				IPHONEOS_DEPLOYMENT_TARGET = 10.3;
				MTL_ENABLE_DEBUG_INFO = YES;
				ONLY_ACTIVE_ARCH = YES;
				SDKROOT = iphoneos;
				SWIFT_ACTIVE_COMPILATION_CONDITIONS = DEBUG;
				SWIFT_OPTIMIZATION_LEVEL = "-Onone";
			};
			name = Debug;
		};
		A74BB0A51F2E58DF00615642 /* Release */ = {
			isa = XCBuildConfiguration;
			buildSettings = {
				ALWAYS_SEARCH_USER_PATHS = NO;
				CLANG_ANALYZER_NONNULL = YES;
				CLANG_ANALYZER_NUMBER_OBJECT_CONVERSION = YES_AGGRESSIVE;
				CLANG_CXX_LANGUAGE_STANDARD = "gnu++14";
				CLANG_CXX_LIBRARY = "libc++";
				CLANG_ENABLE_MODULES = YES;
				CLANG_ENABLE_OBJC_ARC = YES;
				CLANG_WARN_BLOCK_CAPTURE_AUTORELEASING = YES;
				CLANG_WARN_BOOL_CONVERSION = YES;
				CLANG_WARN_COMMA = YES;
				CLANG_WARN_CONSTANT_CONVERSION = YES;
				CLANG_WARN_DIRECT_OBJC_ISA_USAGE = YES_ERROR;
				CLANG_WARN_DOCUMENTATION_COMMENTS = YES;
				CLANG_WARN_EMPTY_BODY = YES;
				CLANG_WARN_ENUM_CONVERSION = YES;
				CLANG_WARN_INFINITE_RECURSION = YES;
				CLANG_WARN_INT_CONVERSION = YES;
				CLANG_WARN_NON_LITERAL_NULL_CONVERSION = YES;
				CLANG_WARN_OBJC_LITERAL_CONVERSION = YES;
				CLANG_WARN_OBJC_ROOT_CLASS = YES_ERROR;
				CLANG_WARN_RANGE_LOOP_ANALYSIS = YES;
				CLANG_WARN_STRICT_PROTOTYPES = YES;
				CLANG_WARN_SUSPICIOUS_MOVE = YES;
				CLANG_WARN_UNGUARDED_AVAILABILITY = YES_AGGRESSIVE;
				CLANG_WARN_UNREACHABLE_CODE = YES;
				CLANG_WARN__DUPLICATE_METHOD_MATCH = YES;
				CODE_SIGN_IDENTITY = "iPhone Developer";
				COPY_PHASE_STRIP = NO;
				DEBUG_INFORMATION_FORMAT = "dwarf-with-dsym";
				ENABLE_NS_ASSERTIONS = NO;
				ENABLE_STRICT_OBJC_MSGSEND = YES;
				GCC_C_LANGUAGE_STANDARD = gnu11;
				GCC_NO_COMMON_BLOCKS = YES;
				GCC_WARN_64_TO_32_BIT_CONVERSION = YES;
				GCC_WARN_ABOUT_RETURN_TYPE = YES_ERROR;
				GCC_WARN_UNDECLARED_SELECTOR = YES;
				GCC_WARN_UNINITIALIZED_AUTOS = YES_AGGRESSIVE;
				GCC_WARN_UNUSED_FUNCTION = YES;
				GCC_WARN_UNUSED_VARIABLE = YES;
				IPHONEOS_DEPLOYMENT_TARGET = 10.3;
				MTL_ENABLE_DEBUG_INFO = NO;
				SDKROOT = iphoneos;
				SWIFT_OPTIMIZATION_LEVEL = "-Owholemodule";
				VALIDATE_PRODUCT = YES;
			};
			name = Release;
		};
		A74BB0A71F2E58DF00615642 /* Debug */ = {
			isa = XCBuildConfiguration;
			buildSettings = {
				ASSETCATALOG_COMPILER_APPICON_NAME = AppIcon;
				INFOPLIST_FILE = Photorama/Info.plist;
				IPHONEOS_DEPLOYMENT_TARGET = 10.3;
				LD_RUNPATH_SEARCH_PATHS = "$(inherited) @executable_path/Frameworks";
				PRODUCT_BUNDLE_IDENTIFIER = febrix.9000.kuchen.Photorama;
				PRODUCT_NAME = "$(TARGET_NAME)";
				SWIFT_VERSION = 3.0;
				TARGETED_DEVICE_FAMILY = "1,2";
			};
			name = Debug;
		};
		A74BB0A81F2E58DF00615642 /* Release */ = {
			isa = XCBuildConfiguration;
			buildSettings = {
				ASSETCATALOG_COMPILER_APPICON_NAME = AppIcon;
				INFOPLIST_FILE = Photorama/Info.plist;
				IPHONEOS_DEPLOYMENT_TARGET = 10.3;
				LD_RUNPATH_SEARCH_PATHS = "$(inherited) @executable_path/Frameworks";
				PRODUCT_BUNDLE_IDENTIFIER = febrix.9000.kuchen.Photorama;
				PRODUCT_NAME = "$(TARGET_NAME)";
				SWIFT_VERSION = 3.0;
				TARGETED_DEVICE_FAMILY = "1,2";
			};
			name = Release;
		};
/* End XCBuildConfiguration section */

/* Begin XCConfigurationList section */
		A74BB08F1F2E58DF00615642 /* Build configuration list for PBXProject "Photorama-Quiz" */ = {
			isa = XCConfigurationList;
			buildConfigurations = (
				A74BB0A41F2E58DF00615642 /* Debug */,
				A74BB0A51F2E58DF00615642 /* Release */,
			);
			defaultConfigurationIsVisible = 0;
			defaultConfigurationName = Release;
		};
		A74BB0A61F2E58DF00615642 /* Build configuration list for PBXNativeTarget "Photorama-Quiz" */ = {
			isa = XCConfigurationList;
			buildConfigurations = (
				A74BB0A71F2E58DF00615642 /* Debug */,
				A74BB0A81F2E58DF00615642 /* Release */,
			);
			defaultConfigurationIsVisible = 0;
			defaultConfigurationName = Release;
		};
/* End XCConfigurationList section */
	};
	rootObject = A74BB08C1F2E58DF00615642 /* Project object */;
}
