// !$*UTF8*$!
{
	archiveVersion = 1;
	classes = {
	};
	objectVersion = 46;
	objects = {

/* Begin PBXBuildFile section */
		E5DB71381F14A5A5006A70DF /* AppDelegate.swift in Sources */ = {isa = PBXBuildFile; fileRef = E5DB71371F14A5A5006A70DF /* AppDelegate.swift */; };
		E5DB713A1F14A5A5006A70DF /* ViewController.swift in Sources */ = {isa = PBXBuildFile; fileRef = E5DB71391F14A5A5006A70DF /* ViewController.swift */; };
		E5DB713D1F14A5A5006A70DF /* Main.storyboard in Resources */ = {isa = PBXBuildFile; fileRef = E5DB713B1F14A5A5006A70DF /* Main.storyboard */; };
		E5DB713F1F14A5A5006A70DF /* Assets.xcassets in Resources */ = {isa = PBXBuildFile; fileRef = E5DB713E1F14A5A5006A70DF /* Assets.xcassets */; };
		E5DB71421F14A5A5006A70DF /* LaunchScreen.storyboard in Resources */ = {isa = PBXBuildFile; fileRef = E5DB71401F14A5A5006A70DF /* LaunchScreen.storyboard */; };
		E5DB714D1F14A5A6006A70DF /* boostcamp_assn2_noisTests.swift in Sources */ = {isa = PBXBuildFile; fileRef = E5DB714C1F14A5A6006A70DF /* boostcamp_assn2_noisTests.swift */; };
		E5DB71581F14A5A6006A70DF /* boostcamp_assn2_noisUITests.swift in Sources */ = {isa = PBXBuildFile; fileRef = E5DB71571F14A5A6006A70DF /* boostcamp_assn2_noisUITests.swift */; };
		E5DB71661F14A5E9006A70DF /* SignupViewController.swift in Sources */ = {isa = PBXBuildFile; fileRef = E5DB71651F14A5E9006A70DF /* SignupViewController.swift */; };
/* End PBXBuildFile section */

/* Begin PBXContainerItemProxy section */
		E5DB71491F14A5A6006A70DF /* PBXContainerItemProxy */ = {
			isa = PBXContainerItemProxy;
			containerPortal = E5DB712C1F14A5A5006A70DF /* Project object */;
			proxyType = 1;
			remoteGlobalIDString = E5DB71331F14A5A5006A70DF;
			remoteInfo = boostcamp_assn2_nois;
		};
		E5DB71541F14A5A6006A70DF /* PBXContainerItemProxy */ = {
			isa = PBXContainerItemProxy;
			containerPortal = E5DB712C1F14A5A5006A70DF /* Project object */;
			proxyType = 1;
			remoteGlobalIDString = E5DB71331F14A5A5006A70DF;
			remoteInfo = boostcamp_assn2_nois;
		};
/* End PBXContainerItemProxy section */

/* Begin PBXFileReference section */
		E5DB71341F14A5A5006A70DF /* boostcamp_assn2_nois.app */ = {isa = PBXFileReference; explicitFileType = wrapper.application; includeInIndex = 0; path = boostcamp_assn2_nois.app; sourceTree = BUILT_PRODUCTS_DIR; };
		E5DB71371F14A5A5006A70DF /* AppDelegate.swift */ = {isa = PBXFileReference; lastKnownFileType = sourcecode.swift; path = AppDelegate.swift; sourceTree = "<group>"; };
		E5DB71391F14A5A5006A70DF /* ViewController.swift */ = {isa = PBXFileReference; lastKnownFileType = sourcecode.swift; path = ViewController.swift; sourceTree = "<group>"; };
		E5DB713C1F14A5A5006A70DF /* Base */ = {isa = PBXFileReference; lastKnownFileType = file.storyboard; name = Base; path = Base.lproj/Main.storyboard; sourceTree = "<group>"; };
		E5DB713E1F14A5A5006A70DF /* Assets.xcassets */ = {isa = PBXFileReference; lastKnownFileType = folder.assetcatalog; path = Assets.xcassets; sourceTree = "<group>"; };
		E5DB71411F14A5A5006A70DF /* Base */ = {isa = PBXFileReference; lastKnownFileType = file.storyboard; name = Base; path = Base.lproj/LaunchScreen.storyboard; sourceTree = "<group>"; };
		E5DB71431F14A5A5006A70DF /* Info.plist */ = {isa = PBXFileReference; lastKnownFileType = text.plist.xml; path = Info.plist; sourceTree = "<group>"; };
		E5DB71481F14A5A6006A70DF /* boostcamp_assn2_noisTests.xctest */ = {isa = PBXFileReference; explicitFileType = wrapper.cfbundle; includeInIndex = 0; path = boostcamp_assn2_noisTests.xctest; sourceTree = BUILT_PRODUCTS_DIR; };
		E5DB714C1F14A5A6006A70DF /* boostcamp_assn2_noisTests.swift */ = {isa = PBXFileReference; lastKnownFileType = sourcecode.swift; path = boostcamp_assn2_noisTests.swift; sourceTree = "<group>"; };
		E5DB714E1F14A5A6006A70DF /* Info.plist */ = {isa = PBXFileReference; lastKnownFileType = text.plist.xml; path = Info.plist; sourceTree = "<group>"; };
		E5DB71531F14A5A6006A70DF /* boostcamp_assn2_noisUITests.xctest */ = {isa = PBXFileReference; explicitFileType = wrapper.cfbundle; includeInIndex = 0; path = boostcamp_assn2_noisUITests.xctest; sourceTree = BUILT_PRODUCTS_DIR; };
		E5DB71571F14A5A6006A70DF /* boostcamp_assn2_noisUITests.swift */ = {isa = PBXFileReference; lastKnownFileType = sourcecode.swift; path = boostcamp_assn2_noisUITests.swift; sourceTree = "<group>"; };
		E5DB71591F14A5A6006A70DF /* Info.plist */ = {isa = PBXFileReference; lastKnownFileType = text.plist.xml; path = Info.plist; sourceTree = "<group>"; };
		E5DB71651F14A5E9006A70DF /* SignupViewController.swift */ = {isa = PBXFileReference; fileEncoding = 4; lastKnownFileType = sourcecode.swift; path = SignupViewController.swift; sourceTree = "<group>"; };
/* End PBXFileReference section */

/* Begin PBXFrameworksBuildPhase section */
		E5DB71311F14A5A5006A70DF /* Frameworks */ = {
			isa = PBXFrameworksBuildPhase;
			buildActionMask = 2147483647;
			files = (
			);
			runOnlyForDeploymentPostprocessing = 0;
		};
		E5DB71451F14A5A6006A70DF /* Frameworks */ = {
			isa = PBXFrameworksBuildPhase;
			buildActionMask = 2147483647;
			files = (
			);
			runOnlyForDeploymentPostprocessing = 0;
		};
		E5DB71501F14A5A6006A70DF /* Frameworks */ = {
			isa = PBXFrameworksBuildPhase;
			buildActionMask = 2147483647;
			files = (
			);
			runOnlyForDeploymentPostprocessing = 0;
		};
/* End PBXFrameworksBuildPhase section */

/* Begin PBXGroup section */
		E5DB712B1F14A5A5006A70DF = {
			isa = PBXGroup;
			children = (
				E5DB71361F14A5A5006A70DF /* boostcamp_assn2_nois */,
				E5DB714B1F14A5A6006A70DF /* boostcamp_assn2_noisTests */,
				E5DB71561F14A5A6006A70DF /* boostcamp_assn2_noisUITests */,
				E5DB71351F14A5A5006A70DF /* Products */,
			);
			sourceTree = "<group>";
		};
		E5DB71351F14A5A5006A70DF /* Products */ = {
			isa = PBXGroup;
			children = (
				E5DB71341F14A5A5006A70DF /* boostcamp_assn2_nois.app */,
				E5DB71481F14A5A6006A70DF /* boostcamp_assn2_noisTests.xctest */,
				E5DB71531F14A5A6006A70DF /* boostcamp_assn2_noisUITests.xctest */,
			);
			name = Products;
			sourceTree = "<group>";
		};
		E5DB71361F14A5A5006A70DF /* boostcamp_assn2_nois */ = {
			isa = PBXGroup;
			children = (
				E5DB71371F14A5A5006A70DF /* AppDelegate.swift */,
				E5DB71391F14A5A5006A70DF /* ViewController.swift */,
				E5DB71651F14A5E9006A70DF /* SignupViewController.swift */,
				E5DB713B1F14A5A5006A70DF /* Main.storyboard */,
				E5DB713E1F14A5A5006A70DF /* Assets.xcassets */,
				E5DB71401F14A5A5006A70DF /* LaunchScreen.storyboard */,
				E5DB71431F14A5A5006A70DF /* Info.plist */,
			);
			path = boostcamp_assn2_nois;
			sourceTree = "<group>";
		};
		E5DB714B1F14A5A6006A70DF /* boostcamp_assn2_noisTests */ = {
			isa = PBXGroup;
			children = (
				E5DB714C1F14A5A6006A70DF /* boostcamp_assn2_noisTests.swift */,
				E5DB714E1F14A5A6006A70DF /* Info.plist */,
			);
			path = boostcamp_assn2_noisTests;
			sourceTree = "<group>";
		};
		E5DB71561F14A5A6006A70DF /* boostcamp_assn2_noisUITests */ = {
			isa = PBXGroup;
			children = (
				E5DB71571F14A5A6006A70DF /* boostcamp_assn2_noisUITests.swift */,
				E5DB71591F14A5A6006A70DF /* Info.plist */,
			);
			path = boostcamp_assn2_noisUITests;
			sourceTree = "<group>";
		};
/* End PBXGroup section */

/* Begin PBXNativeTarget section */
		E5DB71331F14A5A5006A70DF /* boostcamp_assn2_nois */ = {
			isa = PBXNativeTarget;
			buildConfigurationList = E5DB715C1F14A5A6006A70DF /* Build configuration list for PBXNativeTarget "boostcamp_assn2_nois" */;
			buildPhases = (
				E5DB71301F14A5A5006A70DF /* Sources */,
				E5DB71311F14A5A5006A70DF /* Frameworks */,
				E5DB71321F14A5A5006A70DF /* Resources */,
			);
			buildRules = (
			);
			dependencies = (
			);
			name = boostcamp_assn2_nois;
			productName = boostcamp_assn2_nois;
			productReference = E5DB71341F14A5A5006A70DF /* boostcamp_assn2_nois.app */;
			productType = "com.apple.product-type.application";
		};
		E5DB71471F14A5A6006A70DF /* boostcamp_assn2_noisTests */ = {
			isa = PBXNativeTarget;
			buildConfigurationList = E5DB715F1F14A5A6006A70DF /* Build configuration list for PBXNativeTarget "boostcamp_assn2_noisTests" */;
			buildPhases = (
				E5DB71441F14A5A6006A70DF /* Sources */,
				E5DB71451F14A5A6006A70DF /* Frameworks */,
				E5DB71461F14A5A6006A70DF /* Resources */,
			);
			buildRules = (
			);
			dependencies = (
				E5DB714A1F14A5A6006A70DF /* PBXTargetDependency */,
			);
			name = boostcamp_assn2_noisTests;
			productName = boostcamp_assn2_noisTests;
			productReference = E5DB71481F14A5A6006A70DF /* boostcamp_assn2_noisTests.xctest */;
			productType = "com.apple.product-type.bundle.unit-test";
		};
		E5DB71521F14A5A6006A70DF /* boostcamp_assn2_noisUITests */ = {
			isa = PBXNativeTarget;
			buildConfigurationList = E5DB71621F14A5A6006A70DF /* Build configuration list for PBXNativeTarget "boostcamp_assn2_noisUITests" */;
			buildPhases = (
				E5DB714F1F14A5A6006A70DF /* Sources */,
				E5DB71501F14A5A6006A70DF /* Frameworks */,
				E5DB71511F14A5A6006A70DF /* Resources */,
			);
			buildRules = (
			);
			dependencies = (
				E5DB71551F14A5A6006A70DF /* PBXTargetDependency */,
			);
			name = boostcamp_assn2_noisUITests;
			productName = boostcamp_assn2_noisUITests;
			productReference = E5DB71531F14A5A6006A70DF /* boostcamp_assn2_noisUITests.xctest */;
			productType = "com.apple.product-type.bundle.ui-testing";
		};
/* End PBXNativeTarget section */

/* Begin PBXProject section */
		E5DB712C1F14A5A5006A70DF /* Project object */ = {
			isa = PBXProject;
			attributes = {
				LastSwiftUpdateCheck = 0830;
				LastUpgradeCheck = 0830;
				ORGANIZATIONNAME = Nois;
				TargetAttributes = {
					E5DB71331F14A5A5006A70DF = {
						CreatedOnToolsVersion = 8.3;
						DevelopmentTeam = XMGUU4BFJG;
						ProvisioningStyle = Automatic;
					};
					E5DB71471F14A5A6006A70DF = {
						CreatedOnToolsVersion = 8.3;
						DevelopmentTeam = XMGUU4BFJG;
						ProvisioningStyle = Automatic;
						TestTargetID = E5DB71331F14A5A5006A70DF;
					};
					E5DB71521F14A5A6006A70DF = {
						CreatedOnToolsVersion = 8.3;
						DevelopmentTeam = XMGUU4BFJG;
						ProvisioningStyle = Automatic;
						TestTargetID = E5DB71331F14A5A5006A70DF;
					};
				};
			};
			buildConfigurationList = E5DB712F1F14A5A5006A70DF /* Build configuration list for PBXProject "boostcamp_assn2_nois" */;
			compatibilityVersion = "Xcode 3.2";
			developmentRegion = English;
			hasScannedForEncodings = 0;
			knownRegions = (
				en,
				Base,
			);
			mainGroup = E5DB712B1F14A5A5006A70DF;
			productRefGroup = E5DB71351F14A5A5006A70DF /* Products */;
			projectDirPath = "";
			projectRoot = "";
			targets = (
				E5DB71331F14A5A5006A70DF /* boostcamp_assn2_nois */,
				E5DB71471F14A5A6006A70DF /* boostcamp_assn2_noisTests */,
				E5DB71521F14A5A6006A70DF /* boostcamp_assn2_noisUITests */,
			);
		};
/* End PBXProject section */

/* Begin PBXResourcesBuildPhase section */
		E5DB71321F14A5A5006A70DF /* Resources */ = {
			isa = PBXResourcesBuildPhase;
			buildActionMask = 2147483647;
			files = (
				E5DB71421F14A5A5006A70DF /* LaunchScreen.storyboard in Resources */,
				E5DB713F1F14A5A5006A70DF /* Assets.xcassets in Resources */,
				E5DB713D1F14A5A5006A70DF /* Main.storyboard in Resources */,
			);
			runOnlyForDeploymentPostprocessing = 0;
		};
		E5DB71461F14A5A6006A70DF /* Resources */ = {
			isa = PBXResourcesBuildPhase;
			buildActionMask = 2147483647;
			files = (
			);
			runOnlyForDeploymentPostprocessing = 0;
		};
		E5DB71511F14A5A6006A70DF /* Resources */ = {
			isa = PBXResourcesBuildPhase;
			buildActionMask = 2147483647;
			files = (
			);
			runOnlyForDeploymentPostprocessing = 0;
		};
/* End PBXResourcesBuildPhase section */

/* Begin PBXSourcesBuildPhase section */
		E5DB71301F14A5A5006A70DF /* Sources */ = {
			isa = PBXSourcesBuildPhase;
			buildActionMask = 2147483647;
			files = (
				E5DB71661F14A5E9006A70DF /* SignupViewController.swift in Sources */,
				E5DB713A1F14A5A5006A70DF /* ViewController.swift in Sources */,
				E5DB71381F14A5A5006A70DF /* AppDelegate.swift in Sources */,
			);
			runOnlyForDeploymentPostprocessing = 0;
		};
		E5DB71441F14A5A6006A70DF /* Sources */ = {
			isa = PBXSourcesBuildPhase;
			buildActionMask = 2147483647;
			files = (
				E5DB714D1F14A5A6006A70DF /* boostcamp_assn2_noisTests.swift in Sources */,
			);
			runOnlyForDeploymentPostprocessing = 0;
		};
		E5DB714F1F14A5A6006A70DF /* Sources */ = {
			isa = PBXSourcesBuildPhase;
			buildActionMask = 2147483647;
			files = (
				E5DB71581F14A5A6006A70DF /* boostcamp_assn2_noisUITests.swift in Sources */,
			);
			runOnlyForDeploymentPostprocessing = 0;
		};
/* End PBXSourcesBuildPhase section */

/* Begin PBXTargetDependency section */
		E5DB714A1F14A5A6006A70DF /* PBXTargetDependency */ = {
			isa = PBXTargetDependency;
			target = E5DB71331F14A5A5006A70DF /* boostcamp_assn2_nois */;
			targetProxy = E5DB71491F14A5A6006A70DF /* PBXContainerItemProxy */;
		};
		E5DB71551F14A5A6006A70DF /* PBXTargetDependency */ = {
			isa = PBXTargetDependency;
			target = E5DB71331F14A5A5006A70DF /* boostcamp_assn2_nois */;
			targetProxy = E5DB71541F14A5A6006A70DF /* PBXContainerItemProxy */;
		};
/* End PBXTargetDependency section */

/* Begin PBXVariantGroup section */
		E5DB713B1F14A5A5006A70DF /* Main.storyboard */ = {
			isa = PBXVariantGroup;
			children = (
				E5DB713C1F14A5A5006A70DF /* Base */,
			);
			name = Main.storyboard;
			sourceTree = "<group>";
		};
		E5DB71401F14A5A5006A70DF /* LaunchScreen.storyboard */ = {
			isa = PBXVariantGroup;
			children = (
				E5DB71411F14A5A5006A70DF /* Base */,
			);
			name = LaunchScreen.storyboard;
			sourceTree = "<group>";
		};
/* End PBXVariantGroup section */

/* Begin XCBuildConfiguration section */
		E5DB715A1F14A5A6006A70DF /* Debug */ = {
			isa = XCBuildConfiguration;
			buildSettings = {
				ALWAYS_SEARCH_USER_PATHS = NO;
				CLANG_ANALYZER_NONNULL = YES;
				CLANG_ANALYZER_NUMBER_OBJECT_CONVERSION = YES_AGGRESSIVE;
				CLANG_CXX_LANGUAGE_STANDARD = "gnu++0x";
				CLANG_CXX_LIBRARY = "libc++";
				CLANG_ENABLE_MODULES = YES;
				CLANG_ENABLE_OBJC_ARC = YES;
				CLANG_WARN_BOOL_CONVERSION = YES;
				CLANG_WARN_CONSTANT_CONVERSION = YES;
				CLANG_WARN_DIRECT_OBJC_ISA_USAGE = YES_ERROR;
				CLANG_WARN_DOCUMENTATION_COMMENTS = YES;
				CLANG_WARN_EMPTY_BODY = YES;
				CLANG_WARN_ENUM_CONVERSION = YES;
				CLANG_WARN_INFINITE_RECURSION = YES;
				CLANG_WARN_INT_CONVERSION = YES;
				CLANG_WARN_OBJC_ROOT_CLASS = YES_ERROR;
				CLANG_WARN_SUSPICIOUS_MOVE = YES;
				CLANG_WARN_UNREACHABLE_CODE = YES;
				CLANG_WARN__DUPLICATE_METHOD_MATCH = YES;
				"CODE_SIGN_IDENTITY[sdk=iphoneos*]" = "iPhone Developer";
				COPY_PHASE_STRIP = NO;
				DEBUG_INFORMATION_FORMAT = dwarf;
				ENABLE_STRICT_OBJC_MSGSEND = YES;
				ENABLE_TESTABILITY = YES;
				GCC_C_LANGUAGE_STANDARD = gnu99;
				GCC_DYNAMIC_NO_PIC = NO;
				GCC_NO_COMMON_BLOCKS = YES;
				GCC_OPTIMIZATION_LEVEL = 0;
				GCC_PREPROCESSOR_DEFINITIONS = (
					"DEBUG=1",
					"$(inherited)",
				);
				GCC_WARN_64_TO_32_BIT_CONVERSION = YES;
				GCC_WARN_ABOUT_RETURN_TYPE = YES_ERROR;
				GCC_WARN_UNDECLARED_SELECTOR = YES;
				GCC_WARN_UNINITIALIZED_AUTOS = YES_AGGRESSIVE;
				GCC_WARN_UNUSED_FUNCTION = YES;
				GCC_WARN_UNUSED_VARIABLE = YES;
				IPHONEOS_DEPLOYMENT_TARGET = 10.3;
				MTL_ENABLE_DEBUG_INFO = YES;
				ONLY_ACTIVE_ARCH = YES;
				SDKROOT = iphoneos;
				SWIFT_ACTIVE_COMPILATION_CONDITIONS = DEBUG;
				SWIFT_OPTIMIZATION_LEVEL = "-Onone";
			};
			name = Debug;
		};
		E5DB715B1F14A5A6006A70DF /* Release */ = {
			isa = XCBuildConfiguration;
			buildSettings = {
				ALWAYS_SEARCH_USER_PATHS = NO;
				CLANG_ANALYZER_NONNULL = YES;
				CLANG_ANALYZER_NUMBER_OBJECT_CONVERSION = YES_AGGRESSIVE;
				CLANG_CXX_LANGUAGE_STANDARD = "gnu++0x";
				CLANG_CXX_LIBRARY = "libc++";
				CLANG_ENABLE_MODULES = YES;
				CLANG_ENABLE_OBJC_ARC = YES;
				CLANG_WARN_BOOL_CONVERSION = YES;
				CLANG_WARN_CONSTANT_CONVERSION = YES;
				CLANG_WARN_DIRECT_OBJC_ISA_USAGE = YES_ERROR;
				CLANG_WARN_DOCUMENTATION_COMMENTS = YES;
				CLANG_WARN_EMPTY_BODY = YES;
				CLANG_WARN_ENUM_CONVERSION = YES;
				CLANG_WARN_INFINITE_RECURSION = YES;
				CLANG_WARN_INT_CONVERSION = YES;
				CLANG_WARN_OBJC_ROOT_CLASS = YES_ERROR;
				CLANG_WARN_SUSPICIOUS_MOVE = YES;
				CLANG_WARN_UNREACHABLE_CODE = YES;
				CLANG_WARN__DUPLICATE_METHOD_MATCH = YES;
				"CODE_SIGN_IDENTITY[sdk=iphoneos*]" = "iPhone Developer";
				COPY_PHASE_STRIP = NO;
				DEBUG_INFORMATION_FORMAT = "dwarf-with-dsym";
				ENABLE_NS_ASSERTIONS = NO;
				ENABLE_STRICT_OBJC_MSGSEND = YES;
				GCC_C_LANGUAGE_STANDARD = gnu99;
				GCC_NO_COMMON_BLOCKS = YES;
				GCC_WARN_64_TO_32_BIT_CONVERSION = YES;
				GCC_WARN_ABOUT_RETURN_TYPE = YES_ERROR;
				GCC_WARN_UNDECLARED_SELECTOR = YES;
				GCC_WARN_UNINITIALIZED_AUTOS = YES_AGGRESSIVE;
				GCC_WARN_UNUSED_FUNCTION = YES;
				GCC_WARN_UNUSED_VARIABLE = YES;
				IPHONEOS_DEPLOYMENT_TARGET = 10.3;
				MTL_ENABLE_DEBUG_INFO = NO;
				SDKROOT = iphoneos;
				SWIFT_OPTIMIZATION_LEVEL = "-Owholemodule";
				VALIDATE_PRODUCT = YES;
			};
			name = Release;
		};
		E5DB715D1F14A5A6006A70DF /* Debug */ = {
			isa = XCBuildConfiguration;
			buildSettings = {
				ASSETCATALOG_COMPILER_APPICON_NAME = AppIcon;
				DEVELOPMENT_TEAM = XMGUU4BFJG;
				INFOPLIST_FILE = boostcamp_assn2_nois/Info.plist;
				LD_RUNPATH_SEARCH_PATHS = "$(inherited) @executable_path/Frameworks";
				PRODUCT_BUNDLE_IDENTIFIER = "kr.nois.boostcamp-assn2-nois";
				PRODUCT_NAME = "$(TARGET_NAME)";
				SWIFT_VERSION = 3.0;
			};
			name = Debug;
		};
		E5DB715E1F14A5A6006A70DF /* Release */ = {
			isa = XCBuildConfiguration;
			buildSettings = {
				ASSETCATALOG_COMPILER_APPICON_NAME = AppIcon;
				DEVELOPMENT_TEAM = XMGUU4BFJG;
				INFOPLIST_FILE = boostcamp_assn2_nois/Info.plist;
				LD_RUNPATH_SEARCH_PATHS = "$(inherited) @executable_path/Frameworks";
				PRODUCT_BUNDLE_IDENTIFIER = "kr.nois.boostcamp-assn2-nois";
				PRODUCT_NAME = "$(TARGET_NAME)";
				SWIFT_VERSION = 3.0;
			};
			name = Release;
		};
		E5DB71601F14A5A6006A70DF /* Debug */ = {
			isa = XCBuildConfiguration;
			buildSettings = {
				ALWAYS_EMBED_SWIFT_STANDARD_LIBRARIES = YES;
				BUNDLE_LOADER = "$(TEST_HOST)";
				DEVELOPMENT_TEAM = XMGUU4BFJG;
				INFOPLIST_FILE = boostcamp_assn2_noisTests/Info.plist;
				LD_RUNPATH_SEARCH_PATHS = "$(inherited) @executable_path/Frameworks @loader_path/Frameworks";
				PRODUCT_BUNDLE_IDENTIFIER = "kr.nois.boostcamp-assn2-noisTests";
				PRODUCT_NAME = "$(TARGET_NAME)";
				SWIFT_VERSION = 3.0;
				TEST_HOST = "$(BUILT_PRODUCTS_DIR)/boostcamp_assn2_nois.app/boostcamp_assn2_nois";
			};
			name = Debug;
		};
		E5DB71611F14A5A6006A70DF /* Release */ = {
			isa = XCBuildConfiguration;
			buildSettings = {
				ALWAYS_EMBED_SWIFT_STANDARD_LIBRARIES = YES;
				BUNDLE_LOADER = "$(TEST_HOST)";
				DEVELOPMENT_TEAM = XMGUU4BFJG;
				INFOPLIST_FILE = boostcamp_assn2_noisTests/Info.plist;
				LD_RUNPATH_SEARCH_PATHS = "$(inherited) @executable_path/Frameworks @loader_path/Frameworks";
				PRODUCT_BUNDLE_IDENTIFIER = "kr.nois.boostcamp-assn2-noisTests";
				PRODUCT_NAME = "$(TARGET_NAME)";
				SWIFT_VERSION = 3.0;
				TEST_HOST = "$(BUILT_PRODUCTS_DIR)/boostcamp_assn2_nois.app/boostcamp_assn2_nois";
			};
			name = Release;
		};
		E5DB71631F14A5A6006A70DF /* Debug */ = {
			isa = XCBuildConfiguration;
			buildSettings = {
				ALWAYS_EMBED_SWIFT_STANDARD_LIBRARIES = YES;
				DEVELOPMENT_TEAM = XMGUU4BFJG;
				INFOPLIST_FILE = boostcamp_assn2_noisUITests/Info.plist;
				LD_RUNPATH_SEARCH_PATHS = "$(inherited) @executable_path/Frameworks @loader_path/Frameworks";
				PRODUCT_BUNDLE_IDENTIFIER = "kr.nois.boostcamp-assn2-noisUITests";
				PRODUCT_NAME = "$(TARGET_NAME)";
				SWIFT_VERSION = 3.0;
				TEST_TARGET_NAME = boostcamp_assn2_nois;
			};
			name = Debug;
		};
		E5DB71641F14A5A6006A70DF /* Release */ = {
			isa = XCBuildConfiguration;
			buildSettings = {
				ALWAYS_EMBED_SWIFT_STANDARD_LIBRARIES = YES;
				DEVELOPMENT_TEAM = XMGUU4BFJG;
				INFOPLIST_FILE = boostcamp_assn2_noisUITests/Info.plist;
				LD_RUNPATH_SEARCH_PATHS = "$(inherited) @executable_path/Frameworks @loader_path/Frameworks";
				PRODUCT_BUNDLE_IDENTIFIER = "kr.nois.boostcamp-assn2-noisUITests";
				PRODUCT_NAME = "$(TARGET_NAME)";
				SWIFT_VERSION = 3.0;
				TEST_TARGET_NAME = boostcamp_assn2_nois;
			};
			name = Release;
		};
/* End XCBuildConfiguration section */

/* Begin XCConfigurationList section */
		E5DB712F1F14A5A5006A70DF /* Build configuration list for PBXProject "boostcamp_assn2_nois" */ = {
			isa = XCConfigurationList;
			buildConfigurations = (
				E5DB715A1F14A5A6006A70DF /* Debug */,
				E5DB715B1F14A5A6006A70DF /* Release */,
			);
			defaultConfigurationIsVisible = 0;
			defaultConfigurationName = Release;
		};
		E5DB715C1F14A5A6006A70DF /* Build configuration list for PBXNativeTarget "boostcamp_assn2_nois" */ = {
			isa = XCConfigurationList;
			buildConfigurations = (
				E5DB715D1F14A5A6006A70DF /* Debug */,
				E5DB715E1F14A5A6006A70DF /* Release */,
			);
			defaultConfigurationIsVisible = 0;
		};
		E5DB715F1F14A5A6006A70DF /* Build configuration list for PBXNativeTarget "boostcamp_assn2_noisTests" */ = {
			isa = XCConfigurationList;
			buildConfigurations = (
				E5DB71601F14A5A6006A70DF /* Debug */,
				E5DB71611F14A5A6006A70DF /* Release */,
			);
			defaultConfigurationIsVisible = 0;
		};
		E5DB71621F14A5A6006A70DF /* Build configuration list for PBXNativeTarget "boostcamp_assn2_noisUITests" */ = {
			isa = XCConfigurationList;
			buildConfigurations = (
				E5DB71631F14A5A6006A70DF /* Debug */,
				E5DB71641F14A5A6006A70DF /* Release */,
			);
			defaultConfigurationIsVisible = 0;
		};
/* End XCConfigurationList section */
	};
	rootObject = E5DB712C1F14A5A5006A70DF /* Project object */;
}
